
Microsoft Visual Studio Solution File, Format Version 12.00
# Visual Studio Version 17
VisualStudioVersion = 17.9.34902.65
MinimumVisualStudioVersion = 10.0.40219.1
Project("{9A19103F-16F7-4668-BE54-9A1E7A4F7556}") = "PhoneBook", "PhoneBook\PhoneBook.csproj", "{17E1DBF2-E3B6-4102-B76C-795E7C7A7C1F}"
EndProject
Project("{9A19103F-16F7-4668-BE54-9A1E7A4F7556}") = "Student", "Student\Student.csproj", "{E90FAA26-EE3B-4F42-8C9D-C28AC70A221A}"
EndProject
Project("{9A19103F-16F7-4668-BE54-9A1E7A4F7556}") = "Inventory", "Inventory\Inventory.csproj", "{80D0D1E4-FD06-419A-A736-8EB7D359E9EB}"
EndProject
Project("{9A19103F-16F7-4668-BE54-9A1E7A4F7556}") = "Friends", "Friends\Friends.csproj", "{05792A02-4C0C-42C6-868D-A6E6FC74C663}"
EndProject
Project("{9A19103F-16F7-4668-BE54-9A1E7A4F7556}") = "Calculator", "Calculator\Calculator.csproj", "{EEFB8372-BE0F-4957-A307-CDE3249605DE}"
EndProject
Project("{FAE04EC0-301F-11D3-BF4B-00C04F79EFBC}") = "ReversedWord", "ReversedWord\ReversedWord.csproj", "{0C6C3153-D8BB-443A-8625-7FEA1CCC886D}"
EndProject
Global
	GlobalSection(SolutionConfigurationPlatforms) = preSolution
		Debug|Any CPU = Debug|Any CPU
		Release|Any CPU = Release|Any CPU
	EndGlobalSection
	GlobalSection(ProjectConfigurationPlatforms) = postSolution
		{17E1DBF2-E3B6-4102-B76C-795E7C7A7C1F}.Debug|Any CPU.ActiveCfg = Debug|Any CPU
		{17E1DBF2-E3B6-4102-B76C-795E7C7A7C1F}.Debug|Any CPU.Build.0 = Debug|Any CPU
		{17E1DBF2-E3B6-4102-B76C-795E7C7A7C1F}.Release|Any CPU.ActiveCfg = Release|Any CPU
		{17E1DBF2-E3B6-4102-B76C-795E7C7A7C1F}.Release|Any CPU.Build.0 = Release|Any CPU
		{E90FAA26-EE3B-4F42-8C9D-C28AC70A221A}.Debug|Any CPU.ActiveCfg = Debug|Any CPU
		{E90FAA26-EE3B-4F42-8C9D-C28AC70A221A}.Debug|Any CPU.Build.0 = Debug|Any CPU
		{E90FAA26-EE3B-4F42-8C9D-C28AC70A221A}.Release|Any CPU.ActiveCfg = Release|Any CPU
		{E90FAA26-EE3B-4F42-8C9D-C28AC70A221A}.Release|Any CPU.Build.0 = Release|Any CPU
		{80D0D1E4-FD06-419A-A736-8EB7D359E9EB}.Debug|Any CPU.ActiveCfg = Debug|Any CPU
		{80D0D1E4-FD06-419A-A736-8EB7D359E9EB}.Debug|Any CPU.Build.0 = Debug|Any CPU
		{80D0D1E4-FD06-419A-A736-8EB7D359E9EB}.Release|Any CPU.ActiveCfg = Release|Any CPU
		{80D0D1E4-FD06-419A-A736-8EB7D359E9EB}.Release|Any CPU.Build.0 = Release|Any CPU
		{05792A02-4C0C-42C6-868D-A6E6FC74C663}.Debug|Any CPU.ActiveCfg = Debug|Any CPU
		{05792A02-4C0C-42C6-868D-A6E6FC74C663}.Debug|Any CPU.Build.0 = Debug|Any CPU
		{05792A02-4C0C-42C6-868D-A6E6FC74C663}.Release|Any CPU.ActiveCfg = Release|Any CPU
		{05792A02-4C0C-42C6-868D-A6E6FC74C663}.Release|Any CPU.Build.0 = Release|Any CPU
		{EEFB8372-BE0F-4957-A307-CDE3249605DE}.Debug|Any CPU.ActiveCfg = Debug|Any CPU
		{EEFB8372-BE0F-4957-A307-CDE3249605DE}.Debug|Any CPU.Build.0 = Debug|Any CPU
		{EEFB8372-BE0F-4957-A307-CDE3249605DE}.Release|Any CPU.ActiveCfg = Release|Any CPU
		{EEFB8372-BE0F-4957-A307-CDE3249605DE}.Release|Any CPU.Build.0 = Release|Any CPU
		{0C6C3153-D8BB-443A-8625-7FEA1CCC886D}.Debug|Any CPU.ActiveCfg = Debug|Any CPU
		{0C6C3153-D8BB-443A-8625-7FEA1CCC886D}.Debug|Any CPU.Build.0 = Debug|Any CPU
		{0C6C3153-D8BB-443A-8625-7FEA1CCC886D}.Release|Any CPU.ActiveCfg = Release|Any CPU
		{0C6C3153-D8BB-443A-8625-7FEA1CCC886D}.Release|Any CPU.Build.0 = Release|Any CPU
	EndGlobalSection
	GlobalSection(SolutionProperties) = preSolution
		HideSolutionNode = FALSE
	EndGlobalSection
	GlobalSection(ExtensibilityGlobals) = postSolution
		SolutionGuid = {E38A0D5F-39DC-4315-9C3C-BDBB0E904CFD}
	EndGlobalSection
EndGlobal
